
Microsoft Visual Studio Solution File, Format Version 12.00
# Visual Studio Version 16
VisualStudioVersion = 16.0.33214.272
MinimumVisualStudioVersion = 10.0.40219.1
Project("{FAE04EC0-301F-11D3-BF4B-00C04F79EFBC}") = "Mission2", "Mission2\Mission2.csproj", "{EC1F302F-F35E-4554-830A-219C1C246CEB}"
EndProject
Global
	GlobalSection(SolutionConfigurationPlatforms) = preSolution
		Debug|Any CPU = Debug|Any CPU
		Release|Any CPU = Release|Any CPU
	EndGlobalSection
	GlobalSection(ProjectConfigurationPlatforms) = postSolution
		{EC1F302F-F35E-4554-830A-219C1C246CEB}.Debug|Any CPU.ActiveCfg = Debug|Any CPU
		{EC1F302F-F35E-4554-830A-219C1C246CEB}.Debug|Any CPU.Build.0 = Debug|Any CPU
		{EC1F302F-F35E-4554-830A-219C1C246CEB}.Release|Any CPU.ActiveCfg = Release|Any CPU
		{EC1F302F-F35E-4554-830A-219C1C246CEB}.Release|Any CPU.Build.0 = Release|Any CPU
	EndGlobalSection
	GlobalSection(SolutionProperties) = preSolution
		HideSolutionNode = FALSE
	EndGlobalSection
	GlobalSection(ExtensibilityGlobals) = postSolution
		SolutionGuid = {A85FEC30-D2D2-467A-A25D-B2A772D9D6B6}
	EndGlobalSection
EndGlobal
